{
  "name": "main",
  "version": "1.0.0",
  "lockfileVersion": 3,
  "requires": true,
  "packages": {
    "": {
      "name": "main",
      "version": "1.0.0",
      "license": "ISC",
      "dependencies": {
        "god": "^0.1.6"
      }
    },
    "node_modules/god": {
      "version": "0.1.6",
      "resolved": "https://registry.npmjs.org/god/-/god-0.1.6.tgz",
      "integrity": "sha512-iCeh+INUkVrkRwzN/2G3BXb57ynu8NqpCchHl6vO3ZSNzyZEz69wYUVf7v3eQLWyUKoNordUnvoQrq9Wyv3jCQ==",
      "engines": {
        "node": ">= 0.10.0"
      }
    }
  }
}
